
Microsoft Visual Studio Solution File, Format Version 12.00
# Visual Studio 15
VisualStudioVersion = 15.0.26730.16
MinimumVisualStudioVersion = 10.0.40219.1
Project("{FAE04EC0-301F-11D3-BF4B-00C04F79EFBC}") = "5. Longest Palindromic Substring", "5. Longest Palindromic Substring\5. Longest Palindromic Substring.csproj", "{A81B7FFB-11F4-43F0-9081-FEDBAF724BE3}"
EndProject
Global
	GlobalSection(SolutionConfigurationPlatforms) = preSolution
		Debug|Any CPU = Debug|Any CPU
		Release|Any CPU = Release|Any CPU
	EndGlobalSection
	GlobalSection(ProjectConfigurationPlatforms) = postSolution
		{A81B7FFB-11F4-43F0-9081-FEDBAF724BE3}.Debug|Any CPU.ActiveCfg = Debug|Any CPU
		{A81B7FFB-11F4-43F0-9081-FEDBAF724BE3}.Debug|Any CPU.Build.0 = Debug|Any CPU
		{A81B7FFB-11F4-43F0-9081-FEDBAF724BE3}.Release|Any CPU.ActiveCfg = Release|Any CPU
		{A81B7FFB-11F4-43F0-9081-FEDBAF724BE3}.Release|Any CPU.Build.0 = Release|Any CPU
	EndGlobalSection
	GlobalSection(SolutionProperties) = preSolution
		HideSolutionNode = FALSE
	EndGlobalSection
	GlobalSection(ExtensibilityGlobals) = postSolution
		SolutionGuid = {D26DADC9-C50C-4373-B43E-36320112C62C}
	EndGlobalSection
EndGlobal
